// !$*UTF8*$!
{
	archiveVersion = 1;
	classes = {
	};
	objectVersion = 70;
	objects = {

/* Begin PBXBuildFile section */
		1C0538912B8AB7B1008B37ED /* BenBio Watch App.app in Embed Watch Content */ = {isa = PBXBuildFile; fileRef = 1C0538902B8AB7B1008B37ED /* BenBio Watch App.app */; settings = {ATTRIBUTES = (RemoveHeadersOnCopy, ); }; };
		1C0538962B8AB7B1008B37ED /* BenBio Watch App.swift in Sources */ = {isa = PBXBuildFile; fileRef = 1C0538952B8AB7B1008B37ED /* BenBio Watch App.swift */; };
		1C0538982B8AB7B1008B37ED /* ContentView.swift in Sources */ = {isa = PBXBuildFile; fileRef = 1C0538972B8AB7B1008B37ED /* ContentView.swift */; };
		1C05389A2B8AB7B2008B37ED /* Assets.xcassets in Resources */ = {isa = PBXBuildFile; fileRef = 1C0538992B8AB7B2008B37ED /* Assets.xcassets */; };
		1C05389D2B8AB7B2008B37ED /* Preview Assets.xcassets in Resources */ = {isa = PBXBuildFile; fileRef = 1C05389C2B8AB7B2008B37ED /* Preview Assets.xcassets */; };
		1C0538AE2B8ABBCA008B37ED /* BenBio iOS App.swift in Sources */ = {isa = PBXBuildFile; fileRef = 1C0538AD2B8ABBCA008B37ED /* BenBio iOS App.swift */; };
		1C0538B02B8ABBCA008B37ED /* ContentView.swift in Sources */ = {isa = PBXBuildFile; fileRef = 1C0538AF2B8ABBCA008B37ED /* ContentView.swift */; };
		1C0538B22B8ABBCB008B37ED /* Assets.xcassets in Resources */ = {isa = PBXBuildFile; fileRef = 1C0538B12B8ABBCB008B37ED /* Assets.xcassets */; };
		1C0538B52B8ABBCB008B37ED /* Preview Assets.xcassets in Resources */ = {isa = PBXBuildFile; fileRef = 1C0538B42B8ABBCB008B37ED /* Preview Assets.xcassets */; };
		1C69A1252B8B9FC6009395BD /* Functions.swift in Sources */ = {isa = PBXBuildFile; fileRef = 1C69A1242B8B9E8D009395BD /* Functions.swift */; };
		1C69A1262B8BA0CA009395BD /* Functions.swift in Sources */ = {isa = PBXBuildFile; fileRef = 1C69A1242B8B9E8D009395BD /* Functions.swift */; };
		1C69A1272B8BA0CB009395BD /* Functions.swift in Sources */ = {isa = PBXBuildFile; fileRef = 1C69A1242B8B9E8D009395BD /* Functions.swift */; };
		1C69A1292B8BA768009395BD /* DatePickerView.swift in Sources */ = {isa = PBXBuildFile; fileRef = 1C69A1282B8BA768009395BD /* DatePickerView.swift */; };
		1CAB91A82B8B24CB00010986 /* BenBio Mac App.swift in Sources */ = {isa = PBXBuildFile; fileRef = 1CAB91A72B8B24CB00010986 /* BenBio Mac App.swift */; };
		1CAB91AA2B8B24CB00010986 /* ContentView.swift in Sources */ = {isa = PBXBuildFile; fileRef = 1CAB91A92B8B24CB00010986 /* ContentView.swift */; };
		1CAB91AC2B8B24CD00010986 /* Assets.xcassets in Resources */ = {isa = PBXBuildFile; fileRef = 1CAB91AB2B8B24CD00010986 /* Assets.xcassets */; };
		1CAB91AF2B8B24CD00010986 /* Preview Assets.xcassets in Resources */ = {isa = PBXBuildFile; fileRef = 1CAB91AE2B8B24CD00010986 /* Preview Assets.xcassets */; };
		1CBC14D52BC01E610088292E /* RhythmsCalcTests.swift in Sources */ = {isa = PBXBuildFile; fileRef = 1CBC14D42BC01E610088292E /* RhythmsCalcTests.swift */; };
		1CBC14D72BC023C20088292E /* DateFormatterTests.swift in Sources */ = {isa = PBXBuildFile; fileRef = 1CBC14D62BC023C20088292E /* DateFormatterTests.swift */; };
		B5594A7C2BC199AE0000E46C /* BenBio_iOS_AppUITests.swift in Sources */ = {isa = PBXBuildFile; fileRef = B5594A7B2BC199AE0000E46C /* BenBio_iOS_AppUITests.swift */; };
		B5594A7E2BC199AE0000E46C /* BenBio_iOS_AppUITestsLaunchTests.swift in Sources */ = {isa = PBXBuildFile; fileRef = B5594A7D2BC199AE0000E46C /* BenBio_iOS_AppUITestsLaunchTests.swift */; };
		B5594A852BC1A1A40000E46C /* BenBio_iOS_AppUITest.swift in Sources */ = {isa = PBXBuildFile; fileRef = B5594A842BC1A1A40000E46C /* BenBio_iOS_AppUITest.swift */; };
		B575F2872BBADDDB004F6441 /* PrivacyInfo.xcprivacy in Resources */ = {isa = PBXBuildFile; fileRef = B575F2862BBADDDB004F6441 /* PrivacyInfo.xcprivacy */; };
		B575F2882BBADDDB004F6441 /* PrivacyInfo.xcprivacy in Resources */ = {isa = PBXBuildFile; fileRef = B575F2862BBADDDB004F6441 /* PrivacyInfo.xcprivacy */; };
		B575F2892BBADDDB004F6441 /* PrivacyInfo.xcprivacy in Resources */ = {isa = PBXBuildFile; fileRef = B575F2862BBADDDB004F6441 /* PrivacyInfo.xcprivacy */; };
		B575F28A2BBADDDB004F6441 /* PrivacyInfo.xcprivacy in Resources */ = {isa = PBXBuildFile; fileRef = B575F2862BBADDDB004F6441 /* PrivacyInfo.xcprivacy */; };
		B5BD9B972BBA0CA900F71028 /* LICENSE in Resources */ = {isa = PBXBuildFile; fileRef = B5BD9B952BBA0CA900F71028 /* LICENSE */; };
		B5BD9B982BBA0CA900F71028 /* README.md in Resources */ = {isa = PBXBuildFile; fileRef = B5BD9B962BBA0CA900F71028 /* README.md */; };
		B5C3F4522C9567AC002179F7 /* WidgetKit.framework in Frameworks */ = {isa = PBXBuildFile; fileRef = B5C3F4002C955F7E002179F7 /* WidgetKit.framework */; };
		B5C3F4532C9567AC002179F7 /* SwiftUI.framework in Frameworks */ = {isa = PBXBuildFile; fileRef = B5C3F4022C955F7E002179F7 /* SwiftUI.framework */; };
		B5C3F45E2C9567AD002179F7 /* BenBio Watch WidgetExtension.appex in Embed Foundation Extensions */ = {isa = PBXBuildFile; fileRef = B5C3F4512C9567AC002179F7 /* BenBio Watch WidgetExtension.appex */; settings = {ATTRIBUTES = (RemoveHeadersOnCopy, ); }; };
		B5C7E4072BC15E0E0009AA0E /* .gitignore in Resources */ = {isa = PBXBuildFile; fileRef = B5C7E4062BC15E0E0009AA0E /* .gitignore */; };
/* End PBXBuildFile section */

/* Begin PBXContainerItemProxy section */
		1C0538922B8AB7B1008B37ED /* PBXContainerItemProxy */ = {
			isa = PBXContainerItemProxy;
			containerPortal = 1C0538842B8AB7B0008B37ED /* Project object */;
			proxyType = 1;
			remoteGlobalIDString = 1C05388F2B8AB7B1008B37ED;
			remoteInfo = "BenBio Watch App";
		};
		1CBC14CF2BC01E0E0088292E /* PBXContainerItemProxy */ = {
			isa = PBXContainerItemProxy;
			containerPortal = 1C0538842B8AB7B0008B37ED /* Project object */;
			proxyType = 1;
			remoteGlobalIDString = 1C0538AA2B8ABBCA008B37ED;
			remoteInfo = "BenBio iOS App";
		};
		B5594A7F2BC199AE0000E46C /* PBXContainerItemProxy */ = {
			isa = PBXContainerItemProxy;
			containerPortal = 1C0538842B8AB7B0008B37ED /* Project object */;
			proxyType = 1;
			remoteGlobalIDString = 1C0538AA2B8ABBCA008B37ED;
			remoteInfo = "BenBio iOS App";
		};
		B5C3F45C2C9567AD002179F7 /* PBXContainerItemProxy */ = {
			isa = PBXContainerItemProxy;
			containerPortal = 1C0538842B8AB7B0008B37ED /* Project object */;
			proxyType = 1;
			remoteGlobalIDString = B5C3F4502C9567AC002179F7;
			remoteInfo = "BenBio Watch WidgetExtension";
		};
/* End PBXContainerItemProxy section */

/* Begin PBXCopyFilesBuildPhase section */
		1C0538A32B8AB7B2008B37ED /* Embed Watch Content */ = {
			isa = PBXCopyFilesBuildPhase;
			buildActionMask = 2147483647;
			dstPath = "$(CONTENTS_FOLDER_PATH)/Watch";
			dstSubfolderSpec = 16;
			files = (
				1C0538912B8AB7B1008B37ED /* BenBio Watch App.app in Embed Watch Content */,
			);
			name = "Embed Watch Content";
			runOnlyForDeploymentPostprocessing = 0;
		};
		B5C3F4152C955F80002179F7 /* Embed Foundation Extensions */ = {
			isa = PBXCopyFilesBuildPhase;
			buildActionMask = 2147483647;
			dstPath = "";
			dstSubfolderSpec = 13;
			files = (
			);
			name = "Embed Foundation Extensions";
			runOnlyForDeploymentPostprocessing = 0;
		};
		B5C3F4302C95659B002179F7 /* Embed Foundation Extensions */ = {
			isa = PBXCopyFilesBuildPhase;
			buildActionMask = 2147483647;
			dstPath = "";
			dstSubfolderSpec = 13;
			files = (
				B5C3F45E2C9567AD002179F7 /* BenBio Watch WidgetExtension.appex in Embed Foundation Extensions */,
			);
			name = "Embed Foundation Extensions";
			runOnlyForDeploymentPostprocessing = 0;
		};
/* End PBXCopyFilesBuildPhase section */

/* Begin PBXFileReference section */
		1C05388A2B8AB7B1008B37ED /* BenBio.app */ = {isa = PBXFileReference; explicitFileType = wrapper.application; includeInIndex = 0; path = BenBio.app; sourceTree = BUILT_PRODUCTS_DIR; };
		1C0538902B8AB7B1008B37ED /* BenBio Watch App.app */ = {isa = PBXFileReference; explicitFileType = wrapper.application; includeInIndex = 0; path = "BenBio Watch App.app"; sourceTree = BUILT_PRODUCTS_DIR; };
		1C0538952B8AB7B1008B37ED /* BenBio Watch App.swift */ = {isa = PBXFileReference; lastKnownFileType = sourcecode.swift; path = "BenBio Watch App.swift"; sourceTree = "<group>"; };
		1C0538972B8AB7B1008B37ED /* ContentView.swift */ = {isa = PBXFileReference; lastKnownFileType = sourcecode.swift; path = ContentView.swift; sourceTree = "<group>"; };
		1C0538992B8AB7B2008B37ED /* Assets.xcassets */ = {isa = PBXFileReference; lastKnownFileType = folder.assetcatalog; path = Assets.xcassets; sourceTree = "<group>"; };
		1C05389C2B8AB7B2008B37ED /* Preview Assets.xcassets */ = {isa = PBXFileReference; lastKnownFileType = folder.assetcatalog; path = "Preview Assets.xcassets"; sourceTree = "<group>"; };
		1C0538AB2B8ABBCA008B37ED /* BenBio iOS App.app */ = {isa = PBXFileReference; explicitFileType = wrapper.application; includeInIndex = 0; path = "BenBio iOS App.app"; sourceTree = BUILT_PRODUCTS_DIR; };
		1C0538AD2B8ABBCA008B37ED /* BenBio iOS App.swift */ = {isa = PBXFileReference; lastKnownFileType = sourcecode.swift; path = "BenBio iOS App.swift"; sourceTree = "<group>"; };
		1C0538AF2B8ABBCA008B37ED /* ContentView.swift */ = {isa = PBXFileReference; lastKnownFileType = sourcecode.swift; path = ContentView.swift; sourceTree = "<group>"; };
		1C0538B12B8ABBCB008B37ED /* Assets.xcassets */ = {isa = PBXFileReference; lastKnownFileType = folder.assetcatalog; path = Assets.xcassets; sourceTree = "<group>"; };
		1C0538B42B8ABBCB008B37ED /* Preview Assets.xcassets */ = {isa = PBXFileReference; lastKnownFileType = folder.assetcatalog; path = "Preview Assets.xcassets"; sourceTree = "<group>"; };
		1C69A1242B8B9E8D009395BD /* Functions.swift */ = {isa = PBXFileReference; lastKnownFileType = sourcecode.swift; path = Functions.swift; sourceTree = "<group>"; };
		1C69A1282B8BA768009395BD /* DatePickerView.swift */ = {isa = PBXFileReference; lastKnownFileType = sourcecode.swift; path = DatePickerView.swift; sourceTree = "<group>"; };
		1CAB91A52B8B24CB00010986 /* BenBio Mac App.app */ = {isa = PBXFileReference; explicitFileType = wrapper.application; includeInIndex = 0; path = "BenBio Mac App.app"; sourceTree = BUILT_PRODUCTS_DIR; };
		1CAB91A72B8B24CB00010986 /* BenBio Mac App.swift */ = {isa = PBXFileReference; lastKnownFileType = sourcecode.swift; path = "BenBio Mac App.swift"; sourceTree = "<group>"; };
		1CAB91A92B8B24CB00010986 /* ContentView.swift */ = {isa = PBXFileReference; lastKnownFileType = sourcecode.swift; path = ContentView.swift; sourceTree = "<group>"; };
		1CAB91AB2B8B24CD00010986 /* Assets.xcassets */ = {isa = PBXFileReference; lastKnownFileType = folder.assetcatalog; path = Assets.xcassets; sourceTree = "<group>"; };
		1CAB91AE2B8B24CD00010986 /* Preview Assets.xcassets */ = {isa = PBXFileReference; lastKnownFileType = folder.assetcatalog; path = "Preview Assets.xcassets"; sourceTree = "<group>"; };
		1CAB91B02B8B24CD00010986 /* BenBio_Mac_App.entitlements */ = {isa = PBXFileReference; lastKnownFileType = text.plist.entitlements; path = BenBio_Mac_App.entitlements; sourceTree = "<group>"; };
		1CBC14CB2BC01E0E0088292E /* BenBio iOS AppTests.xctest */ = {isa = PBXFileReference; explicitFileType = wrapper.cfbundle; includeInIndex = 0; path = "BenBio iOS AppTests.xctest"; sourceTree = BUILT_PRODUCTS_DIR; };
		1CBC14D42BC01E610088292E /* RhythmsCalcTests.swift */ = {isa = PBXFileReference; lastKnownFileType = sourcecode.swift; path = RhythmsCalcTests.swift; sourceTree = "<group>"; };
		1CBC14D62BC023C20088292E /* DateFormatterTests.swift */ = {isa = PBXFileReference; lastKnownFileType = sourcecode.swift; path = DateFormatterTests.swift; sourceTree = "<group>"; };
		B508A7CF2C95B56C00F47225 /* BenBio Watch WidgetExtension.entitlements */ = {isa = PBXFileReference; lastKnownFileType = text.plist.entitlements; path = "BenBio Watch WidgetExtension.entitlements"; sourceTree = "<group>"; };
		B52A787A2C5650AC00DF4F88 /* BenBio-iOS-App-Info.plist */ = {isa = PBXFileReference; lastKnownFileType = text.plist; path = "BenBio-iOS-App-Info.plist"; sourceTree = SOURCE_ROOT; };
		B5594A792BC199AE0000E46C /* BenBio iOS AppUITests.xctest */ = {isa = PBXFileReference; explicitFileType = wrapper.cfbundle; includeInIndex = 0; path = "BenBio iOS AppUITests.xctest"; sourceTree = BUILT_PRODUCTS_DIR; };
		B5594A7B2BC199AE0000E46C /* BenBio_iOS_AppUITests.swift */ = {isa = PBXFileReference; lastKnownFileType = sourcecode.swift; path = BenBio_iOS_AppUITests.swift; sourceTree = "<group>"; };
		B5594A7D2BC199AE0000E46C /* BenBio_iOS_AppUITestsLaunchTests.swift */ = {isa = PBXFileReference; lastKnownFileType = sourcecode.swift; path = BenBio_iOS_AppUITestsLaunchTests.swift; sourceTree = "<group>"; };
		B5594A842BC1A1A40000E46C /* BenBio_iOS_AppUITest.swift */ = {isa = PBXFileReference; lastKnownFileType = sourcecode.swift; path = BenBio_iOS_AppUITest.swift; sourceTree = "<group>"; };
		B575F2862BBADDDB004F6441 /* PrivacyInfo.xcprivacy */ = {isa = PBXFileReference; lastKnownFileType = text.xml; path = PrivacyInfo.xcprivacy; sourceTree = "<group>"; };
		B5BD9B952BBA0CA900F71028 /* LICENSE */ = {isa = PBXFileReference; fileEncoding = 4; lastKnownFileType = text; path = LICENSE; sourceTree = "<group>"; };
		B5BD9B962BBA0CA900F71028 /* README.md */ = {isa = PBXFileReference; fileEncoding = 4; lastKnownFileType = net.daringfireball.markdown; path = README.md; sourceTree = "<group>"; };
		B5C3F4002C955F7E002179F7 /* WidgetKit.framework */ = {isa = PBXFileReference; lastKnownFileType = wrapper.framework; name = WidgetKit.framework; path = System/Library/Frameworks/WidgetKit.framework; sourceTree = SDKROOT; };
		B5C3F4022C955F7E002179F7 /* SwiftUI.framework */ = {isa = PBXFileReference; lastKnownFileType = wrapper.framework; name = SwiftUI.framework; path = System/Library/Frameworks/SwiftUI.framework; sourceTree = SDKROOT; };
		B5C3F4512C9567AC002179F7 /* BenBio Watch WidgetExtension.appex */ = {isa = PBXFileReference; explicitFileType = "wrapper.app-extension"; includeInIndex = 0; path = "BenBio Watch WidgetExtension.appex"; sourceTree = BUILT_PRODUCTS_DIR; };
		B5C7E4062BC15E0E0009AA0E /* .gitignore */ = {isa = PBXFileReference; fileEncoding = 4; lastKnownFileType = text; path = .gitignore; sourceTree = SOURCE_ROOT; };
		B5DABCF02C564C0F0088F122 /* BenBio iOS App.entitlements */ = {isa = PBXFileReference; lastKnownFileType = text.plist.entitlements; path = "BenBio iOS App.entitlements"; sourceTree = "<group>"; };
		B5DABCF12C564C1B0088F122 /* BenBio Watch App.entitlements */ = {isa = PBXFileReference; lastKnownFileType = text.plist.entitlements; path = "BenBio Watch App.entitlements"; sourceTree = "<group>"; };
/* End PBXFileReference section */

/* Begin PBXFileSystemSynchronizedBuildFileExceptionSet section */
		B5C3F45F2C9567AD002179F7 /* PBXFileSystemSynchronizedBuildFileExceptionSet */ = {
			isa = PBXFileSystemSynchronizedBuildFileExceptionSet;
			membershipExceptions = (
				Info.plist,
			);
			target = B5C3F4502C9567AC002179F7 /* BenBio Watch WidgetExtension */;
		};
/* End PBXFileSystemSynchronizedBuildFileExceptionSet section */

/* Begin PBXFileSystemSynchronizedRootGroup section */
		B5C3F4542C9567AC002179F7 /* BenBio Watch Widget */ = {isa = PBXFileSystemSynchronizedRootGroup; exceptions = (B5C3F45F2C9567AD002179F7 /* PBXFileSystemSynchronizedBuildFileExceptionSet */, ); explicitFileTypes = {}; explicitFolders = (); path = "BenBio Watch Widget"; sourceTree = "<group>"; };
/* End PBXFileSystemSynchronizedRootGroup section */

/* Begin PBXFrameworksBuildPhase section */
		1C05388D2B8AB7B1008B37ED /* Frameworks */ = {
			isa = PBXFrameworksBuildPhase;
			buildActionMask = 2147483647;
			files = (
			);
			runOnlyForDeploymentPostprocessing = 0;
		};
		1C0538A82B8ABBCA008B37ED /* Frameworks */ = {
			isa = PBXFrameworksBuildPhase;
			buildActionMask = 2147483647;
			files = (
			);
			runOnlyForDeploymentPostprocessing = 0;
		};
		1CAB91A22B8B24CB00010986 /* Frameworks */ = {
			isa = PBXFrameworksBuildPhase;
			buildActionMask = 2147483647;
			files = (
			);
			runOnlyForDeploymentPostprocessing = 0;
		};
		1CBC14C82BC01E0E0088292E /* Frameworks */ = {
			isa = PBXFrameworksBuildPhase;
			buildActionMask = 2147483647;
			files = (
			);
			runOnlyForDeploymentPostprocessing = 0;
		};
		B5594A762BC199AE0000E46C /* Frameworks */ = {
			isa = PBXFrameworksBuildPhase;
			buildActionMask = 2147483647;
			files = (
			);
			runOnlyForDeploymentPostprocessing = 0;
		};
		B5C3F44E2C9567AC002179F7 /* Frameworks */ = {
			isa = PBXFrameworksBuildPhase;
			buildActionMask = 2147483647;
			files = (
				B5C3F4532C9567AC002179F7 /* SwiftUI.framework in Frameworks */,
				B5C3F4522C9567AC002179F7 /* WidgetKit.framework in Frameworks */,
			);
			runOnlyForDeploymentPostprocessing = 0;
		};
/* End PBXFrameworksBuildPhase section */

/* Begin PBXGroup section */
		1C0538832B8AB7B0008B37ED = {
			isa = PBXGroup;
			children = (
				B508A7CF2C95B56C00F47225 /* BenBio Watch WidgetExtension.entitlements */,
				B575F2862BBADDDB004F6441 /* PrivacyInfo.xcprivacy */,
				B5BD9B952BBA0CA900F71028 /* LICENSE */,
				B5BD9B962BBA0CA900F71028 /* README.md */,
				B5C7E4062BC15E0E0009AA0E /* .gitignore */,
				1C69A1242B8B9E8D009395BD /* Functions.swift */,
				1C0538942B8AB7B1008B37ED /* BenBio Watch App */,
				1C0538AC2B8ABBCA008B37ED /* BenBio iOS App */,
				1CAB91A62B8B24CB00010986 /* BenBio Mac App */,
				1CBC14CC2BC01E0E0088292E /* BenBio iOS AppTests */,
				B5594A7A2BC199AE0000E46C /* BenBio iOS AppUITests */,
				B5C3F4542C9567AC002179F7 /* BenBio Watch Widget */,
				B5C3F3FF2C955F7E002179F7 /* Frameworks */,
				1C05388B2B8AB7B1008B37ED /* Products */,
			);
			sourceTree = "<group>";
		};
		1C05388B2B8AB7B1008B37ED /* Products */ = {
			isa = PBXGroup;
			children = (
				1C05388A2B8AB7B1008B37ED /* BenBio.app */,
				1C0538902B8AB7B1008B37ED /* BenBio Watch App.app */,
				1C0538AB2B8ABBCA008B37ED /* BenBio iOS App.app */,
				1CAB91A52B8B24CB00010986 /* BenBio Mac App.app */,
				1CBC14CB2BC01E0E0088292E /* BenBio iOS AppTests.xctest */,
				B5594A792BC199AE0000E46C /* BenBio iOS AppUITests.xctest */,
				B5C3F4512C9567AC002179F7 /* BenBio Watch WidgetExtension.appex */,
			);
			name = Products;
			sourceTree = "<group>";
		};
		1C0538942B8AB7B1008B37ED /* BenBio Watch App */ = {
			isa = PBXGroup;
			children = (
				B5DABCF12C564C1B0088F122 /* BenBio Watch App.entitlements */,
				1C0538992B8AB7B2008B37ED /* Assets.xcassets */,
				1C0538952B8AB7B1008B37ED /* BenBio Watch App.swift */,
				1C0538972B8AB7B1008B37ED /* ContentView.swift */,
				1C69A1282B8BA768009395BD /* DatePickerView.swift */,
				1C05389B2B8AB7B2008B37ED /* Preview Content */,
			);
			path = "BenBio Watch App";
			sourceTree = "<group>";
		};
		1C05389B2B8AB7B2008B37ED /* Preview Content */ = {
			isa = PBXGroup;
			children = (
				1C05389C2B8AB7B2008B37ED /* Preview Assets.xcassets */,
			);
			path = "Preview Content";
			sourceTree = "<group>";
		};
		1C0538AC2B8ABBCA008B37ED /* BenBio iOS App */ = {
			isa = PBXGroup;
			children = (
				B52A787A2C5650AC00DF4F88 /* BenBio-iOS-App-Info.plist */,
				B5DABCF02C564C0F0088F122 /* BenBio iOS App.entitlements */,
				1C0538B12B8ABBCB008B37ED /* Assets.xcassets */,
				1C0538AD2B8ABBCA008B37ED /* BenBio iOS App.swift */,
				1C0538AF2B8ABBCA008B37ED /* ContentView.swift */,
				1C0538B32B8ABBCB008B37ED /* Preview Content */,
			);
			path = "BenBio iOS App";
			sourceTree = "<group>";
		};
		1C0538B32B8ABBCB008B37ED /* Preview Content */ = {
			isa = PBXGroup;
			children = (
				1C0538B42B8ABBCB008B37ED /* Preview Assets.xcassets */,
			);
			path = "Preview Content";
			sourceTree = "<group>";
		};
		1CAB91A62B8B24CB00010986 /* BenBio Mac App */ = {
			isa = PBXGroup;
			children = (
				1CAB91AB2B8B24CD00010986 /* Assets.xcassets */,
				1CAB91A72B8B24CB00010986 /* BenBio Mac App.swift */,
				1CAB91A92B8B24CB00010986 /* ContentView.swift */,
				1CAB91B02B8B24CD00010986 /* BenBio_Mac_App.entitlements */,
				1CAB91AD2B8B24CD00010986 /* Preview Content */,
			);
			path = "BenBio Mac App";
			sourceTree = "<group>";
		};
		1CAB91AD2B8B24CD00010986 /* Preview Content */ = {
			isa = PBXGroup;
			children = (
				1CAB91AE2B8B24CD00010986 /* Preview Assets.xcassets */,
			);
			path = "Preview Content";
			sourceTree = "<group>";
		};
		1CBC14CC2BC01E0E0088292E /* BenBio iOS AppTests */ = {
			isa = PBXGroup;
			children = (
				1CBC14D42BC01E610088292E /* RhythmsCalcTests.swift */,
				1CBC14D62BC023C20088292E /* DateFormatterTests.swift */,
			);
			path = "BenBio iOS AppTests";
			sourceTree = "<group>";
		};
		B5594A7A2BC199AE0000E46C /* BenBio iOS AppUITests */ = {
			isa = PBXGroup;
			children = (
				B5594A842BC1A1A40000E46C /* BenBio_iOS_AppUITest.swift */,
				B5594A7B2BC199AE0000E46C /* BenBio_iOS_AppUITests.swift */,
				B5594A7D2BC199AE0000E46C /* BenBio_iOS_AppUITestsLaunchTests.swift */,
			);
			path = "BenBio iOS AppUITests";
			sourceTree = "<group>";
		};
		B5C3F3FF2C955F7E002179F7 /* Frameworks */ = {
			isa = PBXGroup;
			children = (
				B5C3F4002C955F7E002179F7 /* WidgetKit.framework */,
				B5C3F4022C955F7E002179F7 /* SwiftUI.framework */,
			);
			name = Frameworks;
			sourceTree = "<group>";
		};
/* End PBXGroup section */

/* Begin PBXNativeTarget section */
		1C0538892B8AB7B1008B37ED /* BenBio */ = {
			isa = PBXNativeTarget;
			buildConfigurationList = 1C0538A42B8AB7B2008B37ED /* Build configuration list for PBXNativeTarget "BenBio" */;
			buildPhases = (
				1C0538882B8AB7B1008B37ED /* Resources */,
				1C0538A32B8AB7B2008B37ED /* Embed Watch Content */,
			);
			buildRules = (
			);
			dependencies = (
				1C0538932B8AB7B1008B37ED /* PBXTargetDependency */,
			);
			name = BenBio;
			productName = BenBioWatch;
			productReference = 1C05388A2B8AB7B1008B37ED /* BenBio.app */;
			productType = "com.apple.product-type.application.watchapp2-container";
		};
		1C05388F2B8AB7B1008B37ED /* BenBio Watch App */ = {
			isa = PBXNativeTarget;
			buildConfigurationList = 1C0538A02B8AB7B2008B37ED /* Build configuration list for PBXNativeTarget "BenBio Watch App" */;
			buildPhases = (
				1C05388C2B8AB7B1008B37ED /* Sources */,
				1C05388D2B8AB7B1008B37ED /* Frameworks */,
				1C05388E2B8AB7B1008B37ED /* Resources */,
				B5C3F4302C95659B002179F7 /* Embed Foundation Extensions */,
			);
			buildRules = (
			);
			dependencies = (
				B5C3F45D2C9567AD002179F7 /* PBXTargetDependency */,
			);
			name = "BenBio Watch App";
			productName = "BenBio Watch App";
			productReference = 1C0538902B8AB7B1008B37ED /* BenBio Watch App.app */;
			productType = "com.apple.product-type.application";
		};
		1C0538AA2B8ABBCA008B37ED /* BenBio iOS App */ = {
			isa = PBXNativeTarget;
			buildConfigurationList = 1C0538B62B8ABBCB008B37ED /* Build configuration list for PBXNativeTarget "BenBio iOS App" */;
			buildPhases = (
				1C0538A72B8ABBCA008B37ED /* Sources */,
				1C0538A82B8ABBCA008B37ED /* Frameworks */,
				1C0538A92B8ABBCA008B37ED /* Resources */,
				B5C3F4152C955F80002179F7 /* Embed Foundation Extensions */,
			);
			buildRules = (
			);
			dependencies = (
			);
			name = "BenBio iOS App";
			productName = "BenBio iOS App";
			productReference = 1C0538AB2B8ABBCA008B37ED /* BenBio iOS App.app */;
			productType = "com.apple.product-type.application";
		};
		1CAB91A42B8B24CB00010986 /* BenBio Mac App */ = {
			isa = PBXNativeTarget;
			buildConfigurationList = 1CAB91B32B8B24CD00010986 /* Build configuration list for PBXNativeTarget "BenBio Mac App" */;
			buildPhases = (
				1CAB91A12B8B24CB00010986 /* Sources */,
				1CAB91A22B8B24CB00010986 /* Frameworks */,
				1CAB91A32B8B24CB00010986 /* Resources */,
			);
			buildRules = (
			);
			dependencies = (
			);
			name = "BenBio Mac App";
			productName = "BenBio Mac App";
			productReference = 1CAB91A52B8B24CB00010986 /* BenBio Mac App.app */;
			productType = "com.apple.product-type.application";
		};
		1CBC14CA2BC01E0E0088292E /* BenBio iOS AppTests */ = {
			isa = PBXNativeTarget;
			buildConfigurationList = 1CBC14D32BC01E0E0088292E /* Build configuration list for PBXNativeTarget "BenBio iOS AppTests" */;
			buildPhases = (
				1CBC14C72BC01E0E0088292E /* Sources */,
				1CBC14C82BC01E0E0088292E /* Frameworks */,
				1CBC14C92BC01E0E0088292E /* Resources */,
			);
			buildRules = (
			);
			dependencies = (
				1CBC14D02BC01E0E0088292E /* PBXTargetDependency */,
			);
			name = "BenBio iOS AppTests";
			productName = "BenBio iOS AppTests";
			productReference = 1CBC14CB2BC01E0E0088292E /* BenBio iOS AppTests.xctest */;
			productType = "com.apple.product-type.bundle.unit-test";
		};
		B5594A782BC199AE0000E46C /* BenBio iOS AppUITests */ = {
			isa = PBXNativeTarget;
			buildConfigurationList = B5594A832BC199AE0000E46C /* Build configuration list for PBXNativeTarget "BenBio iOS AppUITests" */;
			buildPhases = (
				B5594A752BC199AE0000E46C /* Sources */,
				B5594A762BC199AE0000E46C /* Frameworks */,
				B5594A772BC199AE0000E46C /* Resources */,
			);
			buildRules = (
			);
			dependencies = (
				B5594A802BC199AE0000E46C /* PBXTargetDependency */,
			);
			name = "BenBio iOS AppUITests";
			productName = "BenBio iOS AppUITests";
			productReference = B5594A792BC199AE0000E46C /* BenBio iOS AppUITests.xctest */;
			productType = "com.apple.product-type.bundle.ui-testing";
		};
		B5C3F4502C9567AC002179F7 /* BenBio Watch WidgetExtension */ = {
			isa = PBXNativeTarget;
			buildConfigurationList = B5C3F4602C9567AD002179F7 /* Build configuration list for PBXNativeTarget "BenBio Watch WidgetExtension" */;
			buildPhases = (
				B5C3F44D2C9567AC002179F7 /* Sources */,
				B5C3F44E2C9567AC002179F7 /* Frameworks */,
				B5C3F44F2C9567AC002179F7 /* Resources */,
			);
			buildRules = (
			);
			dependencies = (
			);
			fileSystemSynchronizedGroups = (
				B5C3F4542C9567AC002179F7 /* BenBio Watch Widget */,
			);
			name = "BenBio Watch WidgetExtension";
			packageProductDependencies = (
			);
			productName = "BenBio Watch WidgetExtension";
			productReference = B5C3F4512C9567AC002179F7 /* BenBio Watch WidgetExtension.appex */;
			productType = "com.apple.product-type.app-extension";
		};
/* End PBXNativeTarget section */

/* Begin PBXProject section */
		1C0538842B8AB7B0008B37ED /* Project object */ = {
			isa = PBXProject;
			attributes = {
				BuildIndependentTargetsInParallel = 1;
				LastSwiftUpdateCheck = 1600;
				LastUpgradeCheck = 1600;
				TargetAttributes = {
					1C0538892B8AB7B1008B37ED = {
						CreatedOnToolsVersion = 15.2;
						LastSwiftMigration = 1520;
					};
					1C05388F2B8AB7B1008B37ED = {
						CreatedOnToolsVersion = 15.2;
					};
					1C0538AA2B8ABBCA008B37ED = {
						CreatedOnToolsVersion = 15.2;
					};
					1CAB91A42B8B24CB00010986 = {
						CreatedOnToolsVersion = 15.2;
					};
					1CBC14CA2BC01E0E0088292E = {
						CreatedOnToolsVersion = 15.3;
						TestTargetID = 1C0538AA2B8ABBCA008B37ED;
					};
					B5594A782BC199AE0000E46C = {
						CreatedOnToolsVersion = 15.3;
						TestTargetID = 1C0538AA2B8ABBCA008B37ED;
					};
					B5C3F4502C9567AC002179F7 = {
						CreatedOnToolsVersion = 16.0;
					};
				};
			};
			buildConfigurationList = 1C0538872B8AB7B0008B37ED /* Build configuration list for PBXProject "BenBio" */;
			compatibilityVersion = "Xcode 14.0";
			developmentRegion = en;
			hasScannedForEncodings = 0;
			knownRegions = (
				en,
				Base,
			);
			mainGroup = 1C0538832B8AB7B0008B37ED;
			productRefGroup = 1C05388B2B8AB7B1008B37ED /* Products */;
			projectDirPath = "";
			projectRoot = "";
			targets = (
				1C0538892B8AB7B1008B37ED /* BenBio */,
				1C05388F2B8AB7B1008B37ED /* BenBio Watch App */,
				1C0538AA2B8ABBCA008B37ED /* BenBio iOS App */,
				1CAB91A42B8B24CB00010986 /* BenBio Mac App */,
				B5C3F4502C9567AC002179F7 /* BenBio Watch WidgetExtension */,
				1CBC14CA2BC01E0E0088292E /* BenBio iOS AppTests */,
				B5594A782BC199AE0000E46C /* BenBio iOS AppUITests */,
			);
		};
/* End PBXProject section */

/* Begin PBXResourcesBuildPhase section */
		1C0538882B8AB7B1008B37ED /* Resources */ = {
			isa = PBXResourcesBuildPhase;
			buildActionMask = 2147483647;
			files = (
				B575F2872BBADDDB004F6441 /* PrivacyInfo.xcprivacy in Resources */,
				B5BD9B982BBA0CA900F71028 /* README.md in Resources */,
				B5BD9B972BBA0CA900F71028 /* LICENSE in Resources */,
			);
			runOnlyForDeploymentPostprocessing = 0;
		};
		1C05388E2B8AB7B1008B37ED /* Resources */ = {
			isa = PBXResourcesBuildPhase;
			buildActionMask = 2147483647;
			files = (
				B575F2882BBADDDB004F6441 /* PrivacyInfo.xcprivacy in Resources */,
				1C05389D2B8AB7B2008B37ED /* Preview Assets.xcassets in Resources */,
				1C05389A2B8AB7B2008B37ED /* Assets.xcassets in Resources */,
			);
			runOnlyForDeploymentPostprocessing = 0;
		};
		1C0538A92B8ABBCA008B37ED /* Resources */ = {
			isa = PBXResourcesBuildPhase;
			buildActionMask = 2147483647;
			files = (
				B575F2892BBADDDB004F6441 /* PrivacyInfo.xcprivacy in Resources */,
				1C0538B52B8ABBCB008B37ED /* Preview Assets.xcassets in Resources */,
				1C0538B22B8ABBCB008B37ED /* Assets.xcassets in Resources */,
			);
			runOnlyForDeploymentPostprocessing = 0;
		};
		1CAB91A32B8B24CB00010986 /* Resources */ = {
			isa = PBXResourcesBuildPhase;
			buildActionMask = 2147483647;
			files = (
				B575F28A2BBADDDB004F6441 /* PrivacyInfo.xcprivacy in Resources */,
				1CAB91AF2B8B24CD00010986 /* Preview Assets.xcassets in Resources */,
				1CAB91AC2B8B24CD00010986 /* Assets.xcassets in Resources */,
			);
			runOnlyForDeploymentPostprocessing = 0;
		};
		1CBC14C92BC01E0E0088292E /* Resources */ = {
			isa = PBXResourcesBuildPhase;
			buildActionMask = 2147483647;
			files = (
				B5C7E4072BC15E0E0009AA0E /* .gitignore in Resources */,
			);
			runOnlyForDeploymentPostprocessing = 0;
		};
		B5594A772BC199AE0000E46C /* Resources */ = {
			isa = PBXResourcesBuildPhase;
			buildActionMask = 2147483647;
			files = (
			);
			runOnlyForDeploymentPostprocessing = 0;
		};
		B5C3F44F2C9567AC002179F7 /* Resources */ = {
			isa = PBXResourcesBuildPhase;
			buildActionMask = 2147483647;
			files = (
			);
			runOnlyForDeploymentPostprocessing = 0;
		};
/* End PBXResourcesBuildPhase section */

/* Begin PBXSourcesBuildPhase section */
		1C05388C2B8AB7B1008B37ED /* Sources */ = {
			isa = PBXSourcesBuildPhase;
			buildActionMask = 2147483647;
			files = (
				1C0538982B8AB7B1008B37ED /* ContentView.swift in Sources */,
				1C0538962B8AB7B1008B37ED /* BenBio Watch App.swift in Sources */,
				1C69A1292B8BA768009395BD /* DatePickerView.swift in Sources */,
				1C69A1272B8BA0CB009395BD /* Functions.swift in Sources */,
			);
			runOnlyForDeploymentPostprocessing = 0;
		};
		1C0538A72B8ABBCA008B37ED /* Sources */ = {
			isa = PBXSourcesBuildPhase;
			buildActionMask = 2147483647;
			files = (
				1C0538B02B8ABBCA008B37ED /* ContentView.swift in Sources */,
				1C0538AE2B8ABBCA008B37ED /* BenBio iOS App.swift in Sources */,
				1C69A1252B8B9FC6009395BD /* Functions.swift in Sources */,
			);
			runOnlyForDeploymentPostprocessing = 0;
		};
		1CAB91A12B8B24CB00010986 /* Sources */ = {
			isa = PBXSourcesBuildPhase;
			buildActionMask = 2147483647;
			files = (
				1CAB91AA2B8B24CB00010986 /* ContentView.swift in Sources */,
				1CAB91A82B8B24CB00010986 /* BenBio Mac App.swift in Sources */,
				1C69A1262B8BA0CA009395BD /* Functions.swift in Sources */,
			);
			runOnlyForDeploymentPostprocessing = 0;
		};
		1CBC14C72BC01E0E0088292E /* Sources */ = {
			isa = PBXSourcesBuildPhase;
			buildActionMask = 2147483647;
			files = (
				1CBC14D72BC023C20088292E /* DateFormatterTests.swift in Sources */,
				1CBC14D52BC01E610088292E /* RhythmsCalcTests.swift in Sources */,
			);
			runOnlyForDeploymentPostprocessing = 0;
		};
		B5594A752BC199AE0000E46C /* Sources */ = {
			isa = PBXSourcesBuildPhase;
			buildActionMask = 2147483647;
			files = (
				B5594A852BC1A1A40000E46C /* BenBio_iOS_AppUITest.swift in Sources */,
				B5594A7C2BC199AE0000E46C /* BenBio_iOS_AppUITests.swift in Sources */,
				B5594A7E2BC199AE0000E46C /* BenBio_iOS_AppUITestsLaunchTests.swift in Sources */,
			);
			runOnlyForDeploymentPostprocessing = 0;
		};
		B5C3F44D2C9567AC002179F7 /* Sources */ = {
			isa = PBXSourcesBuildPhase;
			buildActionMask = 2147483647;
			files = (
			);
			runOnlyForDeploymentPostprocessing = 0;
		};
/* End PBXSourcesBuildPhase section */

/* Begin PBXTargetDependency section */
		1C0538932B8AB7B1008B37ED /* PBXTargetDependency */ = {
			isa = PBXTargetDependency;
			target = 1C05388F2B8AB7B1008B37ED /* BenBio Watch App */;
			targetProxy = 1C0538922B8AB7B1008B37ED /* PBXContainerItemProxy */;
		};
		1CBC14D02BC01E0E0088292E /* PBXTargetDependency */ = {
			isa = PBXTargetDependency;
			target = 1C0538AA2B8ABBCA008B37ED /* BenBio iOS App */;
			targetProxy = 1CBC14CF2BC01E0E0088292E /* PBXContainerItemProxy */;
		};
		B5594A802BC199AE0000E46C /* PBXTargetDependency */ = {
			isa = PBXTargetDependency;
			target = 1C0538AA2B8ABBCA008B37ED /* BenBio iOS App */;
			targetProxy = B5594A7F2BC199AE0000E46C /* PBXContainerItemProxy */;
		};
		B5C3F45D2C9567AD002179F7 /* PBXTargetDependency */ = {
			isa = PBXTargetDependency;
			target = B5C3F4502C9567AC002179F7 /* BenBio Watch WidgetExtension */;
			targetProxy = B5C3F45C2C9567AD002179F7 /* PBXContainerItemProxy */;
		};
/* End PBXTargetDependency section */

/* Begin XCBuildConfiguration section */
		1C05389E2B8AB7B2008B37ED /* Debug */ = {
			isa = XCBuildConfiguration;
			buildSettings = {
				ALWAYS_SEARCH_USER_PATHS = NO;
				ASSETCATALOG_COMPILER_GENERATE_SWIFT_ASSET_SYMBOL_EXTENSIONS = YES;
				CLANG_ANALYZER_NONNULL = YES;
				CLANG_ANALYZER_NUMBER_OBJECT_CONVERSION = YES_AGGRESSIVE;
				CLANG_CXX_LANGUAGE_STANDARD = "gnu++20";
				CLANG_ENABLE_MODULES = YES;
				CLANG_ENABLE_OBJC_ARC = YES;
				CLANG_ENABLE_OBJC_WEAK = YES;
				CLANG_WARN_BLOCK_CAPTURE_AUTORELEASING = YES;
				CLANG_WARN_BOOL_CONVERSION = YES;
				CLANG_WARN_COMMA = YES;
				CLANG_WARN_CONSTANT_CONVERSION = YES;
				CLANG_WARN_DEPRECATED_OBJC_IMPLEMENTATIONS = YES;
				CLANG_WARN_DIRECT_OBJC_ISA_USAGE = YES_ERROR;
				CLANG_WARN_DOCUMENTATION_COMMENTS = YES;
				CLANG_WARN_EMPTY_BODY = YES;
				CLANG_WARN_ENUM_CONVERSION = YES;
				CLANG_WARN_INFINITE_RECURSION = YES;
				CLANG_WARN_INT_CONVERSION = YES;
				CLANG_WARN_NON_LITERAL_NULL_CONVERSION = YES;
				CLANG_WARN_OBJC_IMPLICIT_RETAIN_SELF = YES;
				CLANG_WARN_OBJC_LITERAL_CONVERSION = YES;
				CLANG_WARN_OBJC_ROOT_CLASS = YES_ERROR;
				CLANG_WARN_QUOTED_INCLUDE_IN_FRAMEWORK_HEADER = YES;
				CLANG_WARN_RANGE_LOOP_ANALYSIS = YES;
				CLANG_WARN_STRICT_PROTOTYPES = YES;
				CLANG_WARN_SUSPICIOUS_MOVE = YES;
				CLANG_WARN_UNGUARDED_AVAILABILITY = YES_AGGRESSIVE;
				CLANG_WARN_UNREACHABLE_CODE = YES;
				CLANG_WARN__DUPLICATE_METHOD_MATCH = YES;
				COPY_PHASE_STRIP = NO;
				DEAD_CODE_STRIPPING = YES;
				DEBUG_INFORMATION_FORMAT = dwarf;
				ENABLE_STRICT_OBJC_MSGSEND = YES;
				ENABLE_TESTABILITY = YES;
				ENABLE_USER_SCRIPT_SANDBOXING = YES;
				GCC_C_LANGUAGE_STANDARD = gnu17;
				GCC_DYNAMIC_NO_PIC = NO;
				GCC_NO_COMMON_BLOCKS = YES;
				GCC_OPTIMIZATION_LEVEL = 0;
				GCC_PREPROCESSOR_DEFINITIONS = (
					"DEBUG=1",
					"$(inherited)",
				);
				GCC_WARN_64_TO_32_BIT_CONVERSION = YES;
				GCC_WARN_ABOUT_RETURN_TYPE = YES_ERROR;
				GCC_WARN_UNDECLARED_SELECTOR = YES;
				GCC_WARN_UNINITIALIZED_AUTOS = YES_AGGRESSIVE;
				GCC_WARN_UNUSED_FUNCTION = YES;
				GCC_WARN_UNUSED_VARIABLE = YES;
				IPHONEOS_DEPLOYMENT_TARGET = 17.4;
				LOCALIZATION_PREFERS_STRING_CATALOGS = YES;
				MTL_ENABLE_DEBUG_INFO = INCLUDE_SOURCE;
				MTL_FAST_MATH = YES;
				ONLY_ACTIVE_ARCH = YES;
				SWIFT_ACTIVE_COMPILATION_CONDITIONS = "DEBUG $(inherited)";
				SWIFT_OPTIMIZATION_LEVEL = "-Onone";
				SWIFT_STRICT_CONCURRENCY = complete;
				WATCHOS_DEPLOYMENT_TARGET = 10.4;
			};
			name = Debug;
		};
		1C05389F2B8AB7B2008B37ED /* Release */ = {
			isa = XCBuildConfiguration;
			buildSettings = {
				ALWAYS_SEARCH_USER_PATHS = NO;
				ASSETCATALOG_COMPILER_GENERATE_SWIFT_ASSET_SYMBOL_EXTENSIONS = YES;
				CLANG_ANALYZER_NONNULL = YES;
				CLANG_ANALYZER_NUMBER_OBJECT_CONVERSION = YES_AGGRESSIVE;
				CLANG_CXX_LANGUAGE_STANDARD = "gnu++20";
				CLANG_ENABLE_MODULES = YES;
				CLANG_ENABLE_OBJC_ARC = YES;
				CLANG_ENABLE_OBJC_WEAK = YES;
				CLANG_WARN_BLOCK_CAPTURE_AUTORELEASING = YES;
				CLANG_WARN_BOOL_CONVERSION = YES;
				CLANG_WARN_COMMA = YES;
				CLANG_WARN_CONSTANT_CONVERSION = YES;
				CLANG_WARN_DEPRECATED_OBJC_IMPLEMENTATIONS = YES;
				CLANG_WARN_DIRECT_OBJC_ISA_USAGE = YES_ERROR;
				CLANG_WARN_DOCUMENTATION_COMMENTS = YES;
				CLANG_WARN_EMPTY_BODY = YES;
				CLANG_WARN_ENUM_CONVERSION = YES;
				CLANG_WARN_INFINITE_RECURSION = YES;
				CLANG_WARN_INT_CONVERSION = YES;
				CLANG_WARN_NON_LITERAL_NULL_CONVERSION = YES;
				CLANG_WARN_OBJC_IMPLICIT_RETAIN_SELF = YES;
				CLANG_WARN_OBJC_LITERAL_CONVERSION = YES;
				CLANG_WARN_OBJC_ROOT_CLASS = YES_ERROR;
				CLANG_WARN_QUOTED_INCLUDE_IN_FRAMEWORK_HEADER = YES;
				CLANG_WARN_RANGE_LOOP_ANALYSIS = YES;
				CLANG_WARN_STRICT_PROTOTYPES = YES;
				CLANG_WARN_SUSPICIOUS_MOVE = YES;
				CLANG_WARN_UNGUARDED_AVAILABILITY = YES_AGGRESSIVE;
				CLANG_WARN_UNREACHABLE_CODE = YES;
				CLANG_WARN__DUPLICATE_METHOD_MATCH = YES;
				COPY_PHASE_STRIP = NO;
				DEAD_CODE_STRIPPING = YES;
				DEBUG_INFORMATION_FORMAT = "dwarf-with-dsym";
				ENABLE_NS_ASSERTIONS = NO;
				ENABLE_STRICT_OBJC_MSGSEND = YES;
				ENABLE_USER_SCRIPT_SANDBOXING = YES;
				GCC_C_LANGUAGE_STANDARD = gnu17;
				GCC_NO_COMMON_BLOCKS = YES;
				GCC_WARN_64_TO_32_BIT_CONVERSION = YES;
				GCC_WARN_ABOUT_RETURN_TYPE = YES_ERROR;
				GCC_WARN_UNDECLARED_SELECTOR = YES;
				GCC_WARN_UNINITIALIZED_AUTOS = YES_AGGRESSIVE;
				GCC_WARN_UNUSED_FUNCTION = YES;
				GCC_WARN_UNUSED_VARIABLE = YES;
				IPHONEOS_DEPLOYMENT_TARGET = 17.4;
				LOCALIZATION_PREFERS_STRING_CATALOGS = YES;
				MTL_ENABLE_DEBUG_INFO = NO;
				MTL_FAST_MATH = YES;
				SWIFT_COMPILATION_MODE = wholemodule;
				SWIFT_STRICT_CONCURRENCY = complete;
				WATCHOS_DEPLOYMENT_TARGET = 10.4;
			};
			name = Release;
		};
		1C0538A12B8AB7B2008B37ED /* Debug */ = {
			isa = XCBuildConfiguration;
			buildSettings = {
				ASSETCATALOG_COMPILER_APPICON_NAME = AppIcon;
				ASSETCATALOG_COMPILER_GLOBAL_ACCENT_COLOR_NAME = AccentColor;
				CODE_SIGN_ENTITLEMENTS = "BenBio Watch App/BenBio Watch App.entitlements";
				CODE_SIGN_IDENTITY = "Apple Development";
				CODE_SIGN_STYLE = Automatic;
				CURRENT_PROJECT_VERSION = 9;
				DEVELOPMENT_ASSET_PATHS = "\"BenBio Watch App/Preview Content\"";
				DEVELOPMENT_TEAM = 728QJVXW3S;
				ENABLE_PREVIEWS = YES;
				GENERATE_INFOPLIST_FILE = YES;
				INFOPLIST_KEY_CFBundleDisplayName = BenBioWatch;
				INFOPLIST_KEY_UISupportedInterfaceOrientations = "UIInterfaceOrientationPortrait UIInterfaceOrientationPortraitUpsideDown";
				INFOPLIST_KEY_WKWatchOnly = YES;
				LD_RUNPATH_SEARCH_PATHS = (
					"$(inherited)",
					"@executable_path/Frameworks",
				);
				MARKETING_VERSION = 0.1.1;
				PRODUCT_BUNDLE_IDENTIFIER = org.benbox.BenBioWatch.Watch.Watch;
				PRODUCT_NAME = "$(TARGET_NAME)";
				PROVISIONING_PROFILE_SPECIFIER = "";
				SDKROOT = watchos;
				SKIP_INSTALL = YES;
				SWIFT_EMIT_LOC_STRINGS = YES;
				SWIFT_STRICT_CONCURRENCY = complete;
				SWIFT_VERSION = 5.0;
				TARGETED_DEVICE_FAMILY = 4;
				WATCHOS_DEPLOYMENT_TARGET = 11.0;
			};
			name = Debug;
		};
		1C0538A22B8AB7B2008B37ED /* Release */ = {
			isa = XCBuildConfiguration;
			buildSettings = {
				ASSETCATALOG_COMPILER_APPICON_NAME = AppIcon;
				ASSETCATALOG_COMPILER_GLOBAL_ACCENT_COLOR_NAME = AccentColor;
				CODE_SIGN_ENTITLEMENTS = "BenBio Watch App/BenBio Watch App.entitlements";
				CODE_SIGN_IDENTITY = "Apple Development";
				CODE_SIGN_STYLE = Automatic;
				CURRENT_PROJECT_VERSION = 9;
				DEVELOPMENT_ASSET_PATHS = "\"BenBio Watch App/Preview Content\"";
				DEVELOPMENT_TEAM = 728QJVXW3S;
				ENABLE_PREVIEWS = YES;
				GENERATE_INFOPLIST_FILE = YES;
				INFOPLIST_KEY_CFBundleDisplayName = BenBioWatch;
				INFOPLIST_KEY_UISupportedInterfaceOrientations = "UIInterfaceOrientationPortrait UIInterfaceOrientationPortraitUpsideDown";
				INFOPLIST_KEY_WKWatchOnly = YES;
				LD_RUNPATH_SEARCH_PATHS = (
					"$(inherited)",
					"@executable_path/Frameworks",
				);
				MARKETING_VERSION = 0.1.1;
				PRODUCT_BUNDLE_IDENTIFIER = org.benbox.BenBioWatch.Watch.Watch;
				PRODUCT_NAME = "$(TARGET_NAME)";
				PROVISIONING_PROFILE_SPECIFIER = "";
				SDKROOT = watchos;
				SKIP_INSTALL = YES;
				SWIFT_EMIT_LOC_STRINGS = YES;
				SWIFT_STRICT_CONCURRENCY = complete;
				SWIFT_VERSION = 5.0;
				TARGETED_DEVICE_FAMILY = 4;
				VALIDATE_PRODUCT = YES;
				WATCHOS_DEPLOYMENT_TARGET = 11.0;
			};
			name = Release;
		};
		1C0538A52B8AB7B2008B37ED /* Debug */ = {
			isa = XCBuildConfiguration;
			buildSettings = {
				CLANG_ENABLE_MODULES = YES;
				CODE_SIGN_STYLE = Automatic;
				CURRENT_PROJECT_VERSION = 8;
				DEVELOPMENT_TEAM = 728QJVXW3S;
				INFOPLIST_KEY_CFBundleDisplayName = BenBioWatch;
				IPHONEOS_DEPLOYMENT_TARGET = 18.0;
				MARKETING_VERSION = 0.1.0;
				PRODUCT_BUNDLE_IDENTIFIER = org.benbox.BenBioWatch.Watch;
				PRODUCT_NAME = "$(TARGET_NAME)";
				SDKROOT = iphoneos;
				SWIFT_OPTIMIZATION_LEVEL = "-Onone";
				SWIFT_VERSION = 5.0;
			};
			name = Debug;
		};
		1C0538A62B8AB7B2008B37ED /* Release */ = {
			isa = XCBuildConfiguration;
			buildSettings = {
				CLANG_ENABLE_MODULES = YES;
				CODE_SIGN_STYLE = Automatic;
				CURRENT_PROJECT_VERSION = 8;
				DEVELOPMENT_TEAM = 728QJVXW3S;
				INFOPLIST_KEY_CFBundleDisplayName = BenBioWatch;
				IPHONEOS_DEPLOYMENT_TARGET = 18.0;
				MARKETING_VERSION = 0.1.0;
				PRODUCT_BUNDLE_IDENTIFIER = org.benbox.BenBioWatch.Watch;
				PRODUCT_NAME = "$(TARGET_NAME)";
				SDKROOT = iphoneos;
				SWIFT_VERSION = 5.0;
				VALIDATE_PRODUCT = YES;
			};
			name = Release;
		};
		1C0538B72B8ABBCB008B37ED /* Debug */ = {
			isa = XCBuildConfiguration;
			buildSettings = {
				ASSETCATALOG_COMPILER_APPICON_NAME = AppIcon;
				ASSETCATALOG_COMPILER_GLOBAL_ACCENT_COLOR_NAME = AccentColor;
				CODE_SIGN_ENTITLEMENTS = "BenBio iOS App/BenBio iOS App.entitlements";
				CODE_SIGN_STYLE = Automatic;
				CURRENT_PROJECT_VERSION = 8;
				DEVELOPMENT_ASSET_PATHS = "\"BenBio iOS App/Preview Content\"";
				DEVELOPMENT_TEAM = 728QJVXW3S;
				ENABLE_PREVIEWS = YES;
				GENERATE_INFOPLIST_FILE = YES;
				INFOPLIST_FILE = "BenBio-iOS-App-Info.plist";
				INFOPLIST_KEY_CFBundleDisplayName = BenBioWatch;
				INFOPLIST_KEY_LSApplicationCategoryType = "public.app-category.healthcare-fitness";
				INFOPLIST_KEY_NSHealthShareUsageDescription = "BenBioWatch wants to access your health data in ordner to analyze your health and best advise";
				INFOPLIST_KEY_NSHealthUpdateUsageDescription = "BenBioWatch wants to access your health data in ordner to analyze your health and best advise";
				INFOPLIST_KEY_UIApplicationSceneManifest_Generation = YES;
				INFOPLIST_KEY_UIApplicationSupportsIndirectInputEvents = YES;
				INFOPLIST_KEY_UILaunchScreen_Generation = YES;
				INFOPLIST_KEY_UISupportedInterfaceOrientations = UIInterfaceOrientationPortrait;
				INFOPLIST_KEY_UISupportedInterfaceOrientations_iPad = "UIInterfaceOrientationLandscapeLeft UIInterfaceOrientationLandscapeRight UIInterfaceOrientationPortrait UIInterfaceOrientationPortraitUpsideDown";
				IPHONEOS_DEPLOYMENT_TARGET = 18.0;
				LD_RUNPATH_SEARCH_PATHS = (
					"$(inherited)",
					"@executable_path/Frameworks",
				);
				MARKETING_VERSION = 0.1.0;
				PRODUCT_BUNDLE_IDENTIFIER = org.benbox.BenBioWatch.iPhone;
				PRODUCT_NAME = "$(TARGET_NAME)";
				SDKROOT = iphoneos;
				SUPPORTED_PLATFORMS = "iphoneos iphonesimulator";
				SUPPORTS_MACCATALYST = NO;
				SUPPORTS_MAC_DESIGNED_FOR_IPHONE_IPAD = NO;
				SUPPORTS_XR_DESIGNED_FOR_IPHONE_IPAD = NO;
				SWIFT_EMIT_LOC_STRINGS = YES;
				SWIFT_STRICT_CONCURRENCY = complete;
				SWIFT_VERSION = 5.0;
				TARGETED_DEVICE_FAMILY = "1,2";
			};
			name = Debug;
		};
		1C0538B82B8ABBCB008B37ED /* Release */ = {
			isa = XCBuildConfiguration;
			buildSettings = {
				ASSETCATALOG_COMPILER_APPICON_NAME = AppIcon;
				ASSETCATALOG_COMPILER_GLOBAL_ACCENT_COLOR_NAME = AccentColor;
				CODE_SIGN_ENTITLEMENTS = "BenBio iOS App/BenBio iOS App.entitlements";
				CODE_SIGN_STYLE = Automatic;
				CURRENT_PROJECT_VERSION = 8;
				DEVELOPMENT_ASSET_PATHS = "\"BenBio iOS App/Preview Content\"";
				DEVELOPMENT_TEAM = 728QJVXW3S;
				ENABLE_PREVIEWS = YES;
				GENERATE_INFOPLIST_FILE = YES;
				INFOPLIST_FILE = "BenBio-iOS-App-Info.plist";
				INFOPLIST_KEY_CFBundleDisplayName = BenBioWatch;
				INFOPLIST_KEY_LSApplicationCategoryType = "public.app-category.healthcare-fitness";
				INFOPLIST_KEY_NSHealthShareUsageDescription = "BenBioWatch wants to access your health data in ordner to analyze your health and best advise";
				INFOPLIST_KEY_NSHealthUpdateUsageDescription = "BenBioWatch wants to access your health data in ordner to analyze your health and best advise";
				INFOPLIST_KEY_UIApplicationSceneManifest_Generation = YES;
				INFOPLIST_KEY_UIApplicationSupportsIndirectInputEvents = YES;
				INFOPLIST_KEY_UILaunchScreen_Generation = YES;
				INFOPLIST_KEY_UISupportedInterfaceOrientations = UIInterfaceOrientationPortrait;
				INFOPLIST_KEY_UISupportedInterfaceOrientations_iPad = "UIInterfaceOrientationLandscapeLeft UIInterfaceOrientationLandscapeRight UIInterfaceOrientationPortrait UIInterfaceOrientationPortraitUpsideDown";
				IPHONEOS_DEPLOYMENT_TARGET = 18.0;
				LD_RUNPATH_SEARCH_PATHS = (
					"$(inherited)",
					"@executable_path/Frameworks",
				);
				MARKETING_VERSION = 0.1.0;
				PRODUCT_BUNDLE_IDENTIFIER = org.benbox.BenBioWatch.iPhone;
				PRODUCT_NAME = "$(TARGET_NAME)";
				SDKROOT = iphoneos;
				SUPPORTED_PLATFORMS = "iphoneos iphonesimulator";
				SUPPORTS_MACCATALYST = NO;
				SUPPORTS_MAC_DESIGNED_FOR_IPHONE_IPAD = NO;
				SUPPORTS_XR_DESIGNED_FOR_IPHONE_IPAD = NO;
				SWIFT_EMIT_LOC_STRINGS = YES;
				SWIFT_STRICT_CONCURRENCY = complete;
				SWIFT_VERSION = 5.0;
				TARGETED_DEVICE_FAMILY = "1,2";
				VALIDATE_PRODUCT = YES;
			};
			name = Release;
		};
		1CAB91B12B8B24CD00010986 /* Debug */ = {
			isa = XCBuildConfiguration;
			buildSettings = {
				ASSETCATALOG_COMPILER_APPICON_NAME = AppIcon;
				ASSETCATALOG_COMPILER_GLOBAL_ACCENT_COLOR_NAME = AccentColor;
				CODE_SIGN_ENTITLEMENTS = "BenBio Mac App/BenBio_Mac_App.entitlements";
				CODE_SIGN_STYLE = Automatic;
				COMBINE_HIDPI_IMAGES = YES;
				CURRENT_PROJECT_VERSION = 8;
				DEAD_CODE_STRIPPING = YES;
				DEVELOPMENT_ASSET_PATHS = "\"BenBio Mac App/Preview Content\"";
				DEVELOPMENT_TEAM = 728QJVXW3S;
				ENABLE_HARDENED_RUNTIME = YES;
				ENABLE_PREVIEWS = YES;
				GENERATE_INFOPLIST_FILE = YES;
				INFOPLIST_KEY_CFBundleDisplayName = BenBioWatch;
				INFOPLIST_KEY_LSApplicationCategoryType = "public.app-category.healthcare-fitness";
				INFOPLIST_KEY_NSHumanReadableCopyright = "";
				LD_RUNPATH_SEARCH_PATHS = (
					"$(inherited)",
					"@executable_path/../Frameworks",
				);
				MACOSX_DEPLOYMENT_TARGET = 15.0;
				MARKETING_VERSION = 0.1.0;
				PRODUCT_BUNDLE_IDENTIFIER = org.benbox.BenBioWatch.Watch;
				PRODUCT_NAME = "$(TARGET_NAME)";
				SDKROOT = macosx;
				SWIFT_EMIT_LOC_STRINGS = YES;
				SWIFT_STRICT_CONCURRENCY = complete;
				SWIFT_VERSION = 5.0;
			};
			name = Debug;
		};
		1CAB91B22B8B24CD00010986 /* Release */ = {
			isa = XCBuildConfiguration;
			buildSettings = {
				ASSETCATALOG_COMPILER_APPICON_NAME = AppIcon;
				ASSETCATALOG_COMPILER_GLOBAL_ACCENT_COLOR_NAME = AccentColor;
				CODE_SIGN_ENTITLEMENTS = "BenBio Mac App/BenBio_Mac_App.entitlements";
				CODE_SIGN_STYLE = Automatic;
				COMBINE_HIDPI_IMAGES = YES;
				CURRENT_PROJECT_VERSION = 8;
				DEAD_CODE_STRIPPING = YES;
				DEVELOPMENT_ASSET_PATHS = "\"BenBio Mac App/Preview Content\"";
				DEVELOPMENT_TEAM = 728QJVXW3S;
				ENABLE_HARDENED_RUNTIME = YES;
				ENABLE_PREVIEWS = YES;
				GENERATE_INFOPLIST_FILE = YES;
				INFOPLIST_KEY_CFBundleDisplayName = BenBioWatch;
				INFOPLIST_KEY_LSApplicationCategoryType = "public.app-category.healthcare-fitness";
				INFOPLIST_KEY_NSHumanReadableCopyright = "";
				LD_RUNPATH_SEARCH_PATHS = (
					"$(inherited)",
					"@executable_path/../Frameworks",
				);
				MACOSX_DEPLOYMENT_TARGET = 15.0;
				MARKETING_VERSION = 0.1.0;
				PRODUCT_BUNDLE_IDENTIFIER = org.benbox.BenBioWatch.Watch;
				PRODUCT_NAME = "$(TARGET_NAME)";
				SDKROOT = macosx;
				SWIFT_EMIT_LOC_STRINGS = YES;
				SWIFT_STRICT_CONCURRENCY = complete;
				SWIFT_VERSION = 5.0;
			};
			name = Release;
		};
		1CBC14D12BC01E0E0088292E /* Debug */ = {
			isa = XCBuildConfiguration;
			buildSettings = {
				BUNDLE_LOADER = "$(TEST_HOST)";
				CODE_SIGN_STYLE = Automatic;
				CURRENT_PROJECT_VERSION = 1;
				DEVELOPMENT_TEAM = 728QJVXW3S;
				GENERATE_INFOPLIST_FILE = YES;
				IPHONEOS_DEPLOYMENT_TARGET = 18.0;
				MARKETING_VERSION = 1.0;
				PRODUCT_BUNDLE_IDENTIFIER = "org.benbox.BenBio-iOS-AppTests";
				PRODUCT_NAME = "$(TARGET_NAME)";
				SDKROOT = iphoneos;
				SWIFT_EMIT_LOC_STRINGS = NO;
				SWIFT_STRICT_CONCURRENCY = complete;
				SWIFT_VERSION = 5.0;
				TARGETED_DEVICE_FAMILY = "1,2";
				TEST_HOST = "$(BUILT_PRODUCTS_DIR)/BenBio iOS App.app/$(BUNDLE_EXECUTABLE_FOLDER_PATH)/BenBio iOS App";
			};
			name = Debug;
		};
		1CBC14D22BC01E0E0088292E /* Release */ = {
			isa = XCBuildConfiguration;
			buildSettings = {
				BUNDLE_LOADER = "$(TEST_HOST)";
				CODE_SIGN_STYLE = Automatic;
				CURRENT_PROJECT_VERSION = 1;
				DEVELOPMENT_TEAM = 728QJVXW3S;
				GENERATE_INFOPLIST_FILE = YES;
				IPHONEOS_DEPLOYMENT_TARGET = 18.0;
				MARKETING_VERSION = 1.0;
				PRODUCT_BUNDLE_IDENTIFIER = "org.benbox.BenBio-iOS-AppTests";
				PRODUCT_NAME = "$(TARGET_NAME)";
				SDKROOT = iphoneos;
				SWIFT_EMIT_LOC_STRINGS = NO;
				SWIFT_STRICT_CONCURRENCY = complete;
				SWIFT_VERSION = 5.0;
				TARGETED_DEVICE_FAMILY = "1,2";
				TEST_HOST = "$(BUILT_PRODUCTS_DIR)/BenBio iOS App.app/$(BUNDLE_EXECUTABLE_FOLDER_PATH)/BenBio iOS App";
				VALIDATE_PRODUCT = YES;
			};
			name = Release;
		};
		B5594A812BC199AE0000E46C /* Debug */ = {
			isa = XCBuildConfiguration;
			buildSettings = {
				CODE_SIGN_STYLE = Automatic;
				CURRENT_PROJECT_VERSION = 1;
				DEVELOPMENT_TEAM = 728QJVXW3S;
				GENERATE_INFOPLIST_FILE = YES;
				IPHONEOS_DEPLOYMENT_TARGET = 18.0;
				MARKETING_VERSION = 1.0;
				PRODUCT_BUNDLE_IDENTIFIER = "org.benbox.benbio.BenBio-iOS-AppUITests";
				PRODUCT_NAME = "$(TARGET_NAME)";
				SDKROOT = iphoneos;
				SWIFT_EMIT_LOC_STRINGS = NO;
				SWIFT_VERSION = 5.0;
				TARGETED_DEVICE_FAMILY = "1,2";
				TEST_TARGET_NAME = "BenBio iOS App";
			};
			name = Debug;
		};
		B5594A822BC199AE0000E46C /* Release */ = {
			isa = XCBuildConfiguration;
			buildSettings = {
				CODE_SIGN_STYLE = Automatic;
				CURRENT_PROJECT_VERSION = 1;
				DEVELOPMENT_TEAM = 728QJVXW3S;
				GENERATE_INFOPLIST_FILE = YES;
				IPHONEOS_DEPLOYMENT_TARGET = 18.0;
				MARKETING_VERSION = 1.0;
				PRODUCT_BUNDLE_IDENTIFIER = "org.benbox.benbio.BenBio-iOS-AppUITests";
				PRODUCT_NAME = "$(TARGET_NAME)";
				SDKROOT = iphoneos;
				SWIFT_EMIT_LOC_STRINGS = NO;
				SWIFT_VERSION = 5.0;
				TARGETED_DEVICE_FAMILY = "1,2";
				TEST_TARGET_NAME = "BenBio iOS App";
				VALIDATE_PRODUCT = YES;
			};
			name = Release;
		};
		B5C3F4612C9567AD002179F7 /* Debug */ = {
			isa = XCBuildConfiguration;
			buildSettings = {
				ASSETCATALOG_COMPILER_GLOBAL_ACCENT_COLOR_NAME = AccentColor;
				ASSETCATALOG_COMPILER_WIDGET_BACKGROUND_COLOR_NAME = WidgetBackground;
				CODE_SIGN_ENTITLEMENTS = "BenBio Watch WidgetExtension.entitlements";
				CODE_SIGN_IDENTITY = "Apple Development";
				CODE_SIGN_STYLE = Automatic;
				CURRENT_PROJECT_VERSION = 1;
				DEVELOPMENT_TEAM = 728QJVXW3S;
				GENERATE_INFOPLIST_FILE = YES;
				INFOPLIST_FILE = "BenBio Watch Widget/Info.plist";
				INFOPLIST_KEY_CFBundleDisplayName = "BenBio Watch Widget";
				INFOPLIST_KEY_NSHumanReadableCopyright = "";
				LD_RUNPATH_SEARCH_PATHS = (
					"$(inherited)",
					"@executable_path/Frameworks",
					"@executable_path/../../Frameworks",
					"@executable_path/../../../../Frameworks",
				);
				MARKETING_VERSION = 0.1.1;
				PRODUCT_BUNDLE_IDENTIFIER = "org.benbox.BenBioWatch.Watch.Watch.BenBio-Watch-Widget";
				PRODUCT_NAME = "$(TARGET_NAME)";
				SDKROOT = watchos;
				SKIP_INSTALL = YES;
				SWIFT_EMIT_LOC_STRINGS = YES;
				SWIFT_VERSION = 5.0;
				TARGETED_DEVICE_FAMILY = 4;
				WATCHOS_DEPLOYMENT_TARGET = 11.0;
			};
			name = Debug;
		};
		B5C3F4622C9567AD002179F7 /* Release */ = {
			isa = XCBuildConfiguration;
			buildSettings = {
				ASSETCATALOG_COMPILER_GLOBAL_ACCENT_COLOR_NAME = AccentColor;
				ASSETCATALOG_COMPILER_WIDGET_BACKGROUND_COLOR_NAME = WidgetBackground;
				CODE_SIGN_ENTITLEMENTS = "BenBio Watch WidgetExtension.entitlements";
				CODE_SIGN_IDENTITY = "Apple Development";
				CODE_SIGN_STYLE = Automatic;
				CURRENT_PROJECT_VERSION = 1;
				DEVELOPMENT_TEAM = 728QJVXW3S;
				GENERATE_INFOPLIST_FILE = YES;
				INFOPLIST_FILE = "BenBio Watch Widget/Info.plist";
				INFOPLIST_KEY_CFBundleDisplayName = "BenBio Watch Widget";
				INFOPLIST_KEY_NSHumanReadableCopyright = "";
				LD_RUNPATH_SEARCH_PATHS = (
					"$(inherited)",
					"@executable_path/Frameworks",
					"@executable_path/../../Frameworks",
					"@executable_path/../../../../Frameworks",
				);
				MARKETING_VERSION = 0.1.1;
				PRODUCT_BUNDLE_IDENTIFIER = "org.benbox.BenBioWatch.Watch.Watch.BenBio-Watch-Widget";
				PRODUCT_NAME = "$(TARGET_NAME)";
				SDKROOT = watchos;
				SKIP_INSTALL = YES;
				SWIFT_EMIT_LOC_STRINGS = YES;
				SWIFT_VERSION = 5.0;
				TARGETED_DEVICE_FAMILY = 4;
				VALIDATE_PRODUCT = YES;
				WATCHOS_DEPLOYMENT_TARGET = 11.0;
			};
			name = Release;
		};
/* End XCBuildConfiguration section */

/* Begin XCConfigurationList section */
		1C0538872B8AB7B0008B37ED /* Build configuration list for PBXProject "BenBio" */ = {
			isa = XCConfigurationList;
			buildConfigurations = (
				1C05389E2B8AB7B2008B37ED /* Debug */,
				1C05389F2B8AB7B2008B37ED /* Release */,
			);
			defaultConfigurationIsVisible = 0;
			defaultConfigurationName = Release;
		};
		1C0538A02B8AB7B2008B37ED /* Build configuration list for PBXNativeTarget "BenBio Watch App" */ = {
			isa = XCConfigurationList;
			buildConfigurations = (
				1C0538A12B8AB7B2008B37ED /* Debug */,
				1C0538A22B8AB7B2008B37ED /* Release */,
			);
			defaultConfigurationIsVisible = 0;
			defaultConfigurationName = Release;
		};
		1C0538A42B8AB7B2008B37ED /* Build configuration list for PBXNativeTarget "BenBio" */ = {
			isa = XCConfigurationList;
			buildConfigurations = (
				1C0538A52B8AB7B2008B37ED /* Debug */,
				1C0538A62B8AB7B2008B37ED /* Release */,
			);
			defaultConfigurationIsVisible = 0;
			defaultConfigurationName = Release;
		};
		1C0538B62B8ABBCB008B37ED /* Build configuration list for PBXNativeTarget "BenBio iOS App" */ = {
			isa = XCConfigurationList;
			buildConfigurations = (
				1C0538B72B8ABBCB008B37ED /* Debug */,
				1C0538B82B8ABBCB008B37ED /* Release */,
			);
			defaultConfigurationIsVisible = 0;
			defaultConfigurationName = Release;
		};
		1CAB91B32B8B24CD00010986 /* Build configuration list for PBXNativeTarget "BenBio Mac App" */ = {
			isa = XCConfigurationList;
			buildConfigurations = (
				1CAB91B12B8B24CD00010986 /* Debug */,
				1CAB91B22B8B24CD00010986 /* Release */,
			);
			defaultConfigurationIsVisible = 0;
			defaultConfigurationName = Release;
		};
		1CBC14D32BC01E0E0088292E /* Build configuration list for PBXNativeTarget "BenBio iOS AppTests" */ = {
			isa = XCConfigurationList;
			buildConfigurations = (
				1CBC14D12BC01E0E0088292E /* Debug */,
				1CBC14D22BC01E0E0088292E /* Release */,
			);
			defaultConfigurationIsVisible = 0;
			defaultConfigurationName = Release;
		};
		B5594A832BC199AE0000E46C /* Build configuration list for PBXNativeTarget "BenBio iOS AppUITests" */ = {
			isa = XCConfigurationList;
			buildConfigurations = (
				B5594A812BC199AE0000E46C /* Debug */,
				B5594A822BC199AE0000E46C /* Release */,
			);
			defaultConfigurationIsVisible = 0;
			defaultConfigurationName = Release;
		};
		B5C3F4602C9567AD002179F7 /* Build configuration list for PBXNativeTarget "BenBio Watch WidgetExtension" */ = {
			isa = XCConfigurationList;
			buildConfigurations = (
				B5C3F4612C9567AD002179F7 /* Debug */,
				B5C3F4622C9567AD002179F7 /* Release */,
			);
			defaultConfigurationIsVisible = 0;
			defaultConfigurationName = Release;
		};
/* End XCConfigurationList section */
	};
	rootObject = 1C0538842B8AB7B0008B37ED /* Project object */;
}
